
Microsoft Visual Studio Solution File, Format Version 12.00
# Visual Studio 2012
Project("{FAE04EC0-301F-11D3-BF4B-00C04F79EFBC}") = "Phoneword_iOS", "Phoneword_iOS\Phoneword_iOS.csproj", "{06676396-51BD-4621-B38B-EBDC64D5BA2F}"
EndProject
Global
	GlobalSection(SolutionConfigurationPlatforms) = preSolution
		Debug|iPhoneSimulator = Debug|iPhoneSimulator
		Release|iPhone = Release|iPhone
		Release|iPhoneSimulator = Release|iPhoneSimulator
		Debug|iPhone = Debug|iPhone
	EndGlobalSection
	GlobalSection(ProjectConfigurationPlatforms) = postSolution
		{06676396-51BD-4621-B38B-EBDC64D5BA2F}.Debug|iPhoneSimulator.ActiveCfg = Debug|iPhoneSimulator
		{06676396-51BD-4621-B38B-EBDC64D5BA2F}.Debug|iPhoneSimulator.Build.0 = Debug|iPhoneSimulator
		{06676396-51BD-4621-B38B-EBDC64D5BA2F}.Release|iPhone.ActiveCfg = Release|iPhone
		{06676396-51BD-4621-B38B-EBDC64D5BA2F}.Release|iPhone.Build.0 = Release|iPhone
		{06676396-51BD-4621-B38B-EBDC64D5BA2F}.Release|iPhoneSimulator.ActiveCfg = Release|iPhoneSimulator
		{06676396-51BD-4621-B38B-EBDC64D5BA2F}.Release|iPhoneSimulator.Build.0 = Release|iPhoneSimulator
		{06676396-51BD-4621-B38B-EBDC64D5BA2F}.Debug|iPhone.ActiveCfg = Debug|iPhone
		{06676396-51BD-4621-B38B-EBDC64D5BA2F}.Debug|iPhone.Build.0 = Debug|iPhone
	EndGlobalSection
EndGlobal
